
Microsoft Visual Studio Solution File, Format Version 12.00
# Visual Studio Version 17
VisualStudioVersion = 17.3.32611.2
MinimumVisualStudioVersion = 10.0.40219.1
Project("{FAE04EC0-301F-11D3-BF4B-00C04F79EFBC}") = "HexerDexer", "HexerDexer\HexerDexer.csproj", "{573DA0B7-7F82-4C84-85BB-9F2EF3273D47}"
EndProject
Global
	GlobalSection(SolutionConfigurationPlatforms) = preSolution
		Debug|Any CPU = Debug|Any CPU
		Release|Any CPU = Release|Any CPU
	EndGlobalSection
	GlobalSection(ProjectConfigurationPlatforms) = postSolution
		{573DA0B7-7F82-4C84-85BB-9F2EF3273D47}.Debug|Any CPU.ActiveCfg = Debug|Any CPU
		{573DA0B7-7F82-4C84-85BB-9F2EF3273D47}.Debug|Any CPU.Build.0 = Debug|Any CPU
		{573DA0B7-7F82-4C84-85BB-9F2EF3273D47}.Release|Any CPU.ActiveCfg = Release|Any CPU
		{573DA0B7-7F82-4C84-85BB-9F2EF3273D47}.Release|Any CPU.Build.0 = Release|Any CPU
	EndGlobalSection
	GlobalSection(SolutionProperties) = preSolution
		HideSolutionNode = FALSE
	EndGlobalSection
	GlobalSection(ExtensibilityGlobals) = postSolution
		SolutionGuid = {8E2BEAE5-B99E-4AC4-AF3E-5083A8F31B08}
	EndGlobalSection
EndGlobal
